
Microsoft Visual Studio Solution File, Format Version 12.00
# Visual Studio Version 16
VisualStudioVersion = 16.0.31105.61
MinimumVisualStudioVersion = 10.0.40219.1
Project("{FAE04EC0-301F-11D3-BF4B-00C04F79EFBC}") = "InventoryApp", "InventoryApp\InventoryApp.csproj", "{23B581D5-67E0-47E8-B711-159DE0DCA09E}"
EndProject
Project("{FAE04EC0-301F-11D3-BF4B-00C04F79EFBC}") = "InventoryAppTest", "InventoryAppTest\InventoryAppTest.csproj", "{5C452754-3992-411E-9B2F-244E2BA8AD50}"
EndProject
Project("{FAE04EC0-301F-11D3-BF4B-00C04F79EFBC}") = "InventoryAppTest.Tests", "InventoryApp\InventoryAppTest.Tests\InventoryAppTest.Tests.csproj", "{1FD8BD22-3D43-48E7-A910-60D5EA643E4E}"
EndProject
Global
	GlobalSection(SolutionConfigurationPlatforms) = preSolution
		Debug|Any CPU = Debug|Any CPU
		Release|Any CPU = Release|Any CPU
	EndGlobalSection
	GlobalSection(ProjectConfigurationPlatforms) = postSolution
		{23B581D5-67E0-47E8-B711-159DE0DCA09E}.Debug|Any CPU.ActiveCfg = Debug|Any CPU
		{23B581D5-67E0-47E8-B711-159DE0DCA09E}.Debug|Any CPU.Build.0 = Debug|Any CPU
		{23B581D5-67E0-47E8-B711-159DE0DCA09E}.Release|Any CPU.ActiveCfg = Release|Any CPU
		{23B581D5-67E0-47E8-B711-159DE0DCA09E}.Release|Any CPU.Build.0 = Release|Any CPU
		{5C452754-3992-411E-9B2F-244E2BA8AD50}.Debug|Any CPU.ActiveCfg = Debug|Any CPU
		{5C452754-3992-411E-9B2F-244E2BA8AD50}.Debug|Any CPU.Build.0 = Debug|Any CPU
		{5C452754-3992-411E-9B2F-244E2BA8AD50}.Release|Any CPU.ActiveCfg = Release|Any CPU
		{5C452754-3992-411E-9B2F-244E2BA8AD50}.Release|Any CPU.Build.0 = Release|Any CPU
		{1FD8BD22-3D43-48E7-A910-60D5EA643E4E}.Debug|Any CPU.ActiveCfg = Debug|Any CPU
		{1FD8BD22-3D43-48E7-A910-60D5EA643E4E}.Debug|Any CPU.Build.0 = Debug|Any CPU
		{1FD8BD22-3D43-48E7-A910-60D5EA643E4E}.Release|Any CPU.ActiveCfg = Release|Any CPU
		{1FD8BD22-3D43-48E7-A910-60D5EA643E4E}.Release|Any CPU.Build.0 = Release|Any CPU
	EndGlobalSection
	GlobalSection(SolutionProperties) = preSolution
		HideSolutionNode = FALSE
	EndGlobalSection
	GlobalSection(ExtensibilityGlobals) = postSolution
		SolutionGuid = {83EAF886-E0A4-4EFC-8D3E-8AF74CE4B763}
	EndGlobalSection
EndGlobal
